// !$*UTF8*$!
{
	archiveVersion = 1;
	classes = {
	};
	objectVersion = 51;
	objects = {

/* Begin PBXBuildFile section */
		331AD1D95362E730036E82AE /* Pods_Flixster.framework in Frameworks */ = {isa = PBXBuildFile; fileRef = E66C18D4E3C0B04D3B080799 /* Pods_Flixster.framework */; };
		3CF6E57BE710FDBA23BF590D /* Pods_FlixsterTests.framework in Frameworks */ = {isa = PBXBuildFile; fileRef = 057E6A57B2567946BAAFCC6A /* Pods_FlixsterTests.framework */; };
		79B99EBB93DD60376068F1AD /* Pods_Flixster_FlixsterUITests.framework in Frameworks */ = {isa = PBXBuildFile; fileRef = 1F88C4945E7EB32D174A0B05 /* Pods_Flixster_FlixsterUITests.framework */; };
		8EB00910251AFBED00CA3779 /* AppDelegate.swift in Sources */ = {isa = PBXBuildFile; fileRef = 8EB0090F251AFBED00CA3779 /* AppDelegate.swift */; };
		8EB00912251AFBED00CA3779 /* SceneDelegate.swift in Sources */ = {isa = PBXBuildFile; fileRef = 8EB00911251AFBED00CA3779 /* SceneDelegate.swift */; };
		8EB00917251AFBED00CA3779 /* Main.storyboard in Resources */ = {isa = PBXBuildFile; fileRef = 8EB00915251AFBED00CA3779 /* Main.storyboard */; };
		8EB00919251AFBEE00CA3779 /* Assets.xcassets in Resources */ = {isa = PBXBuildFile; fileRef = 8EB00918251AFBEE00CA3779 /* Assets.xcassets */; };
		8EB0091C251AFBEE00CA3779 /* LaunchScreen.storyboard in Resources */ = {isa = PBXBuildFile; fileRef = 8EB0091A251AFBEE00CA3779 /* LaunchScreen.storyboard */; };
		8EB00927251AFBEE00CA3779 /* FlixsterTests.swift in Sources */ = {isa = PBXBuildFile; fileRef = 8EB00926251AFBEE00CA3779 /* FlixsterTests.swift */; };
		8EB00932251AFBEE00CA3779 /* FlixsterUITests.swift in Sources */ = {isa = PBXBuildFile; fileRef = 8EB00931251AFBEE00CA3779 /* FlixsterUITests.swift */; };
		8EB00946251AFF3C00CA3779 /* MoviesViewController.swift in Sources */ = {isa = PBXBuildFile; fileRef = 8EB00945251AFF3C00CA3779 /* MoviesViewController.swift */; };
		8EB0094B251B107900CA3779 /* MovieCell.swift in Sources */ = {isa = PBXBuildFile; fileRef = 8EB0094A251B107900CA3779 /* MovieCell.swift */; };
/* End PBXBuildFile section */

/* Begin PBXContainerItemProxy section */
		8EB00923251AFBEE00CA3779 /* PBXContainerItemProxy */ = {
			isa = PBXContainerItemProxy;
			containerPortal = 8EB00904251AFBED00CA3779 /* Project object */;
			proxyType = 1;
			remoteGlobalIDString = 8EB0090B251AFBED00CA3779;
			remoteInfo = Flixster;
		};
		8EB0092E251AFBEE00CA3779 /* PBXContainerItemProxy */ = {
			isa = PBXContainerItemProxy;
			containerPortal = 8EB00904251AFBED00CA3779 /* Project object */;
			proxyType = 1;
			remoteGlobalIDString = 8EB0090B251AFBED00CA3779;
			remoteInfo = Flixster;
		};
/* End PBXContainerItemProxy section */

/* Begin PBXFileReference section */
		057E6A57B2567946BAAFCC6A /* Pods_FlixsterTests.framework */ = {isa = PBXFileReference; explicitFileType = wrapper.framework; includeInIndex = 0; path = Pods_FlixsterTests.framework; sourceTree = BUILT_PRODUCTS_DIR; };
		1F88C4945E7EB32D174A0B05 /* Pods_Flixster_FlixsterUITests.framework */ = {isa = PBXFileReference; explicitFileType = wrapper.framework; includeInIndex = 0; path = Pods_Flixster_FlixsterUITests.framework; sourceTree = BUILT_PRODUCTS_DIR; };
		3AE788173FD240EC63B54244 /* Pods-FlixsterTests.release.xcconfig */ = {isa = PBXFileReference; includeInIndex = 1; lastKnownFileType = text.xcconfig; name = "Pods-FlixsterTests.release.xcconfig"; path = "Target Support Files/Pods-FlixsterTests/Pods-FlixsterTests.release.xcconfig"; sourceTree = "<group>"; };
		6086A4852A37F2FF24D43D78 /* Pods-Flixster-FlixsterUITests.release.xcconfig */ = {isa = PBXFileReference; includeInIndex = 1; lastKnownFileType = text.xcconfig; name = "Pods-Flixster-FlixsterUITests.release.xcconfig"; path = "Target Support Files/Pods-Flixster-FlixsterUITests/Pods-Flixster-FlixsterUITests.release.xcconfig"; sourceTree = "<group>"; };
		67919E4CEF4F40E296325097 /* Pods-Flixster.release.xcconfig */ = {isa = PBXFileReference; includeInIndex = 1; lastKnownFileType = text.xcconfig; name = "Pods-Flixster.release.xcconfig"; path = "Target Support Files/Pods-Flixster/Pods-Flixster.release.xcconfig"; sourceTree = "<group>"; };
		8EB0090C251AFBED00CA3779 /* Flixster.app */ = {isa = PBXFileReference; explicitFileType = wrapper.application; includeInIndex = 0; path = Flixster.app; sourceTree = BUILT_PRODUCTS_DIR; };
		8EB0090F251AFBED00CA3779 /* AppDelegate.swift */ = {isa = PBXFileReference; lastKnownFileType = sourcecode.swift; path = AppDelegate.swift; sourceTree = "<group>"; };
		8EB00911251AFBED00CA3779 /* SceneDelegate.swift */ = {isa = PBXFileReference; lastKnownFileType = sourcecode.swift; path = SceneDelegate.swift; sourceTree = "<group>"; };
		8EB00916251AFBED00CA3779 /* Base */ = {isa = PBXFileReference; lastKnownFileType = file.storyboard; name = Base; path = Base.lproj/Main.storyboard; sourceTree = "<group>"; };
		8EB00918251AFBEE00CA3779 /* Assets.xcassets */ = {isa = PBXFileReference; lastKnownFileType = folder.assetcatalog; path = Assets.xcassets; sourceTree = "<group>"; };
		8EB0091B251AFBEE00CA3779 /* Base */ = {isa = PBXFileReference; lastKnownFileType = file.storyboard; name = Base; path = Base.lproj/LaunchScreen.storyboard; sourceTree = "<group>"; };
		8EB0091D251AFBEE00CA3779 /* Info.plist */ = {isa = PBXFileReference; lastKnownFileType = text.plist.xml; path = Info.plist; sourceTree = "<group>"; };
		8EB00922251AFBEE00CA3779 /* FlixsterTests.xctest */ = {isa = PBXFileReference; explicitFileType = wrapper.cfbundle; includeInIndex = 0; path = FlixsterTests.xctest; sourceTree = BUILT_PRODUCTS_DIR; };
		8EB00926251AFBEE00CA3779 /* FlixsterTests.swift */ = {isa = PBXFileReference; lastKnownFileType = sourcecode.swift; path = FlixsterTests.swift; sourceTree = "<group>"; };
		8EB00928251AFBEE00CA3779 /* Info.plist */ = {isa = PBXFileReference; lastKnownFileType = text.plist.xml; path = Info.plist; sourceTree = "<group>"; };
		8EB0092D251AFBEE00CA3779 /* FlixsterUITests.xctest */ = {isa = PBXFileReference; explicitFileType = wrapper.cfbundle; includeInIndex = 0; path = FlixsterUITests.xctest; sourceTree = BUILT_PRODUCTS_DIR; };
		8EB00931251AFBEE00CA3779 /* FlixsterUITests.swift */ = {isa = PBXFileReference; lastKnownFileType = sourcecode.swift; path = FlixsterUITests.swift; sourceTree = "<group>"; };
		8EB00933251AFBEE00CA3779 /* Info.plist */ = {isa = PBXFileReference; lastKnownFileType = text.plist.xml; path = Info.plist; sourceTree = "<group>"; };
		8EB00945251AFF3C00CA3779 /* MoviesViewController.swift */ = {isa = PBXFileReference; lastKnownFileType = sourcecode.swift; path = MoviesViewController.swift; sourceTree = "<group>"; };
		8EB0094A251B107900CA3779 /* MovieCell.swift */ = {isa = PBXFileReference; lastKnownFileType = sourcecode.swift; path = MovieCell.swift; sourceTree = "<group>"; };
		903FE0DD244BF810A8BB539D /* Pods-Flixster-FlixsterUITests.debug.xcconfig */ = {isa = PBXFileReference; includeInIndex = 1; lastKnownFileType = text.xcconfig; name = "Pods-Flixster-FlixsterUITests.debug.xcconfig"; path = "Target Support Files/Pods-Flixster-FlixsterUITests/Pods-Flixster-FlixsterUITests.debug.xcconfig"; sourceTree = "<group>"; };
		BC53FB071DC3210DE790E4F3 /* Pods-Flixster.debug.xcconfig */ = {isa = PBXFileReference; includeInIndex = 1; lastKnownFileType = text.xcconfig; name = "Pods-Flixster.debug.xcconfig"; path = "Target Support Files/Pods-Flixster/Pods-Flixster.debug.xcconfig"; sourceTree = "<group>"; };
		E66C18D4E3C0B04D3B080799 /* Pods_Flixster.framework */ = {isa = PBXFileReference; explicitFileType = wrapper.framework; includeInIndex = 0; path = Pods_Flixster.framework; sourceTree = BUILT_PRODUCTS_DIR; };
		F0E603487389884B302DF2DD /* Pods-FlixsterTests.debug.xcconfig */ = {isa = PBXFileReference; includeInIndex = 1; lastKnownFileType = text.xcconfig; name = "Pods-FlixsterTests.debug.xcconfig"; path = "Target Support Files/Pods-FlixsterTests/Pods-FlixsterTests.debug.xcconfig"; sourceTree = "<group>"; };
/* End PBXFileReference section */

/* Begin PBXFrameworksBuildPhase section */
		8EB00909251AFBED00CA3779 /* Frameworks */ = {
			isa = PBXFrameworksBuildPhase;
			buildActionMask = 2147483647;
			files = (
				331AD1D95362E730036E82AE /* Pods_Flixster.framework in Frameworks */,
			);
			runOnlyForDeploymentPostprocessing = 0;
		};
		8EB0091F251AFBEE00CA3779 /* Frameworks */ = {
			isa = PBXFrameworksBuildPhase;
			buildActionMask = 2147483647;
			files = (
				3CF6E57BE710FDBA23BF590D /* Pods_FlixsterTests.framework in Frameworks */,
			);
			runOnlyForDeploymentPostprocessing = 0;
		};
		8EB0092A251AFBEE00CA3779 /* Frameworks */ = {
			isa = PBXFrameworksBuildPhase;
			buildActionMask = 2147483647;
			files = (
				79B99EBB93DD60376068F1AD /* Pods_Flixster_FlixsterUITests.framework in Frameworks */,
			);
			runOnlyForDeploymentPostprocessing = 0;
		};
/* End PBXFrameworksBuildPhase section */

/* Begin PBXGroup section */
		56D1D239EFFA48DA35C7A7C4 /* Frameworks */ = {
			isa = PBXGroup;
			children = (
				E66C18D4E3C0B04D3B080799 /* Pods_Flixster.framework */,
				1F88C4945E7EB32D174A0B05 /* Pods_Flixster_FlixsterUITests.framework */,
				057E6A57B2567946BAAFCC6A /* Pods_FlixsterTests.framework */,
			);
			name = Frameworks;
			sourceTree = "<group>";
		};
		8EB00903251AFBED00CA3779 = {
			isa = PBXGroup;
			children = (
				8EB0090E251AFBED00CA3779 /* Flixster */,
				8EB00925251AFBEE00CA3779 /* FlixsterTests */,
				8EB00930251AFBEE00CA3779 /* FlixsterUITests */,
				8EB0090D251AFBED00CA3779 /* Products */,
				CB4940B9EDE3C0A2E514785F /* Pods */,
				56D1D239EFFA48DA35C7A7C4 /* Frameworks */,
			);
			sourceTree = "<group>";
		};
		8EB0090D251AFBED00CA3779 /* Products */ = {
			isa = PBXGroup;
			children = (
				8EB0090C251AFBED00CA3779 /* Flixster.app */,
				8EB00922251AFBEE00CA3779 /* FlixsterTests.xctest */,
				8EB0092D251AFBEE00CA3779 /* FlixsterUITests.xctest */,
			);
			name = Products;
			sourceTree = "<group>";
		};
		8EB0090E251AFBED00CA3779 /* Flixster */ = {
			isa = PBXGroup;
			children = (
				8EB0090F251AFBED00CA3779 /* AppDelegate.swift */,
				8EB00911251AFBED00CA3779 /* SceneDelegate.swift */,
				8EB00915251AFBED00CA3779 /* Main.storyboard */,
				8EB00918251AFBEE00CA3779 /* Assets.xcassets */,
				8EB0091A251AFBEE00CA3779 /* LaunchScreen.storyboard */,
				8EB0091D251AFBEE00CA3779 /* Info.plist */,
				8EB00945251AFF3C00CA3779 /* MoviesViewController.swift */,
				8EB0094A251B107900CA3779 /* MovieCell.swift */,
			);
			path = Flixster;
			sourceTree = "<group>";
		};
		8EB00925251AFBEE00CA3779 /* FlixsterTests */ = {
			isa = PBXGroup;
			children = (
				8EB00926251AFBEE00CA3779 /* FlixsterTests.swift */,
				8EB00928251AFBEE00CA3779 /* Info.plist */,
			);
			path = FlixsterTests;
			sourceTree = "<group>";
		};
		8EB00930251AFBEE00CA3779 /* FlixsterUITests */ = {
			isa = PBXGroup;
			children = (
				8EB00931251AFBEE00CA3779 /* FlixsterUITests.swift */,
				8EB00933251AFBEE00CA3779 /* Info.plist */,
			);
			path = FlixsterUITests;
			sourceTree = "<group>";
		};
		CB4940B9EDE3C0A2E514785F /* Pods */ = {
			isa = PBXGroup;
			children = (
				BC53FB071DC3210DE790E4F3 /* Pods-Flixster.debug.xcconfig */,
				67919E4CEF4F40E296325097 /* Pods-Flixster.release.xcconfig */,
				903FE0DD244BF810A8BB539D /* Pods-Flixster-FlixsterUITests.debug.xcconfig */,
				6086A4852A37F2FF24D43D78 /* Pods-Flixster-FlixsterUITests.release.xcconfig */,
				F0E603487389884B302DF2DD /* Pods-FlixsterTests.debug.xcconfig */,
				3AE788173FD240EC63B54244 /* Pods-FlixsterTests.release.xcconfig */,
			);
			path = Pods;
			sourceTree = "<group>";
		};
/* End PBXGroup section */

/* Begin PBXNativeTarget section */
		8EB0090B251AFBED00CA3779 /* Flixster */ = {
			isa = PBXNativeTarget;
			buildConfigurationList = 8EB00936251AFBEE00CA3779 /* Build configuration list for PBXNativeTarget "Flixster" */;
			buildPhases = (
				ADF622A8032D227F37BDA8BD /* [CP] Check Pods Manifest.lock */,
				8EB00908251AFBED00CA3779 /* Sources */,
				8EB00909251AFBED00CA3779 /* Frameworks */,
				8EB0090A251AFBED00CA3779 /* Resources */,
				1144A5734499A29049B4A3D2 /* [CP] Embed Pods Frameworks */,
			);
			buildRules = (
			);
			dependencies = (
			);
			name = Flixster;
			productName = Flixster;
			productReference = 8EB0090C251AFBED00CA3779 /* Flixster.app */;
			productType = "com.apple.product-type.application";
		};
		8EB00921251AFBEE00CA3779 /* FlixsterTests */ = {
			isa = PBXNativeTarget;
			buildConfigurationList = 8EB00939251AFBEE00CA3779 /* Build configuration list for PBXNativeTarget "FlixsterTests" */;
			buildPhases = (
				99101703B1EE3C12A735CFE0 /* [CP] Check Pods Manifest.lock */,
				8EB0091E251AFBEE00CA3779 /* Sources */,
				8EB0091F251AFBEE00CA3779 /* Frameworks */,
				8EB00920251AFBEE00CA3779 /* Resources */,
			);
			buildRules = (
			);
			dependencies = (
				8EB00924251AFBEE00CA3779 /* PBXTargetDependency */,
			);
			name = FlixsterTests;
			productName = FlixsterTests;
			productReference = 8EB00922251AFBEE00CA3779 /* FlixsterTests.xctest */;
			productType = "com.apple.product-type.bundle.unit-test";
		};
		8EB0092C251AFBEE00CA3779 /* FlixsterUITests */ = {
			isa = PBXNativeTarget;
			buildConfigurationList = 8EB0093C251AFBEE00CA3779 /* Build configuration list for PBXNativeTarget "FlixsterUITests" */;
			buildPhases = (
				185A02F7015BCA874765B9C0 /* [CP] Check Pods Manifest.lock */,
				8EB00929251AFBEE00CA3779 /* Sources */,
				8EB0092A251AFBEE00CA3779 /* Frameworks */,
				8EB0092B251AFBEE00CA3779 /* Resources */,
				C6B3BFDEA69A7E8E31ABFE44 /* [CP] Embed Pods Frameworks */,
			);
			buildRules = (
			);
			dependencies = (
				8EB0092F251AFBEE00CA3779 /* PBXTargetDependency */,
			);
			name = FlixsterUITests;
			productName = FlixsterUITests;
			productReference = 8EB0092D251AFBEE00CA3779 /* FlixsterUITests.xctest */;
			productType = "com.apple.product-type.bundle.ui-testing";
		};
/* End PBXNativeTarget section */

/* Begin PBXProject section */
		8EB00904251AFBED00CA3779 /* Project object */ = {
			isa = PBXProject;
			attributes = {
				LastSwiftUpdateCheck = 1200;
				LastUpgradeCheck = 1200;
				TargetAttributes = {
					8EB0090B251AFBED00CA3779 = {
						CreatedOnToolsVersion = 12.0;
					};
					8EB00921251AFBEE00CA3779 = {
						CreatedOnToolsVersion = 12.0;
						TestTargetID = 8EB0090B251AFBED00CA3779;
					};
					8EB0092C251AFBEE00CA3779 = {
						CreatedOnToolsVersion = 12.0;
						TestTargetID = 8EB0090B251AFBED00CA3779;
					};
				};
			};
			buildConfigurationList = 8EB00907251AFBED00CA3779 /* Build configuration list for PBXProject "Flixster" */;
			compatibilityVersion = "Xcode 9.3";
			developmentRegion = en;
			hasScannedForEncodings = 0;
			knownRegions = (
				en,
				Base,
			);
			mainGroup = 8EB00903251AFBED00CA3779;
			productRefGroup = 8EB0090D251AFBED00CA3779 /* Products */;
			projectDirPath = "";
			projectRoot = "";
			targets = (
				8EB0090B251AFBED00CA3779 /* Flixster */,
				8EB00921251AFBEE00CA3779 /* FlixsterTests */,
				8EB0092C251AFBEE00CA3779 /* FlixsterUITests */,
			);
		};
/* End PBXProject section */

/* Begin PBXResourcesBuildPhase section */
		8EB0090A251AFBED00CA3779 /* Resources */ = {
			isa = PBXResourcesBuildPhase;
			buildActionMask = 2147483647;
			files = (
				8EB0091C251AFBEE00CA3779 /* LaunchScreen.storyboard in Resources */,
				8EB00919251AFBEE00CA3779 /* Assets.xcassets in Resources */,
				8EB00917251AFBED00CA3779 /* Main.storyboard in Resources */,
			);
			runOnlyForDeploymentPostprocessing = 0;
		};
		8EB00920251AFBEE00CA3779 /* Resources */ = {
			isa = PBXResourcesBuildPhase;
			buildActionMask = 2147483647;
			files = (
			);
			runOnlyForDeploymentPostprocessing = 0;
		};
		8EB0092B251AFBEE00CA3779 /* Resources */ = {
			isa = PBXResourcesBuildPhase;
			buildActionMask = 2147483647;
			files = (
			);
			runOnlyForDeploymentPostprocessing = 0;
		};
/* End PBXResourcesBuildPhase section */

/* Begin PBXShellScriptBuildPhase section */
		1144A5734499A29049B4A3D2 /* [CP] Embed Pods Frameworks */ = {
			isa = PBXShellScriptBuildPhase;
			buildActionMask = 2147483647;
			files = (
			);
			inputFileListPaths = (
				"${PODS_ROOT}/Target Support Files/Pods-Flixster/Pods-Flixster-frameworks-${CONFIGURATION}-input-files.xcfilelist",
			);
			name = "[CP] Embed Pods Frameworks";
			outputFileListPaths = (
				"${PODS_ROOT}/Target Support Files/Pods-Flixster/Pods-Flixster-frameworks-${CONFIGURATION}-output-files.xcfilelist",
			);
			runOnlyForDeploymentPostprocessing = 0;
			shellPath = /bin/sh;
			shellScript = "\"${PODS_ROOT}/Target Support Files/Pods-Flixster/Pods-Flixster-frameworks.sh\"\n";
			showEnvVarsInLog = 0;
		};
		185A02F7015BCA874765B9C0 /* [CP] Check Pods Manifest.lock */ = {
			isa = PBXShellScriptBuildPhase;
			buildActionMask = 2147483647;
			files = (
			);
			inputFileListPaths = (
			);
			inputPaths = (
				"${PODS_PODFILE_DIR_PATH}/Podfile.lock",
				"${PODS_ROOT}/Manifest.lock",
			);
			name = "[CP] Check Pods Manifest.lock";
			outputFileListPaths = (
			);
			outputPaths = (
				"$(DERIVED_FILE_DIR)/Pods-Flixster-FlixsterUITests-checkManifestLockResult.txt",
			);
			runOnlyForDeploymentPostprocessing = 0;
			shellPath = /bin/sh;
			shellScript = "diff \"${PODS_PODFILE_DIR_PATH}/Podfile.lock\" \"${PODS_ROOT}/Manifest.lock\" > /dev/null\nif [ $? != 0 ] ; then\n    # print error to STDERR\n    echo \"error: The sandbox is not in sync with the Podfile.lock. Run 'pod install' or update your CocoaPods installation.\" >&2\n    exit 1\nfi\n# This output is used by Xcode 'outputs' to avoid re-running this script phase.\necho \"SUCCESS\" > \"${SCRIPT_OUTPUT_FILE_0}\"\n";
			showEnvVarsInLog = 0;
		};
		99101703B1EE3C12A735CFE0 /* [CP] Check Pods Manifest.lock */ = {
			isa = PBXShellScriptBuildPhase;
			buildActionMask = 2147483647;
			files = (
			);
			inputFileListPaths = (
			);
			inputPaths = (
				"${PODS_PODFILE_DIR_PATH}/Podfile.lock",
				"${PODS_ROOT}/Manifest.lock",
			);
			name = "[CP] Check Pods Manifest.lock";
			outputFileListPaths = (
			);
			outputPaths = (
				"$(DERIVED_FILE_DIR)/Pods-FlixsterTests-checkManifestLockResult.txt",
			);
			runOnlyForDeploymentPostprocessing = 0;
			shellPath = /bin/sh;
			shellScript = "diff \"${PODS_PODFILE_DIR_PATH}/Podfile.lock\" \"${PODS_ROOT}/Manifest.lock\" > /dev/null\nif [ $? != 0 ] ; then\n    # print error to STDERR\n    echo \"error: The sandbox is not in sync with the Podfile.lock. Run 'pod install' or update your CocoaPods installation.\" >&2\n    exit 1\nfi\n# This output is used by Xcode 'outputs' to avoid re-running this script phase.\necho \"SUCCESS\" > \"${SCRIPT_OUTPUT_FILE_0}\"\n";
			showEnvVarsInLog = 0;
		};
		ADF622A8032D227F37BDA8BD /* [CP] Check Pods Manifest.lock */ = {
			isa = PBXShellScriptBuildPhase;
			buildActionMask = 2147483647;
			files = (
			);
			inputFileListPaths = (
			);
			inputPaths = (
				"${PODS_PODFILE_DIR_PATH}/Podfile.lock",
				"${PODS_ROOT}/Manifest.lock",
			);
			name = "[CP] Check Pods Manifest.lock";
			outputFileListPaths = (
			);
			outputPaths = (
				"$(DERIVED_FILE_DIR)/Pods-Flixster-checkManifestLockResult.txt",
			);
			runOnlyForDeploymentPostprocessing = 0;
			shellPath = /bin/sh;
			shellScript = "diff \"${PODS_PODFILE_DIR_PATH}/Podfile.lock\" \"${PODS_ROOT}/Manifest.lock\" > /dev/null\nif [ $? != 0 ] ; then\n    # print error to STDERR\n    echo \"error: The sandbox is not in sync with the Podfile.lock. Run 'pod install' or update your CocoaPods installation.\" >&2\n    exit 1\nfi\n# This output is used by Xcode 'outputs' to avoid re-running this script phase.\necho \"SUCCESS\" > \"${SCRIPT_OUTPUT_FILE_0}\"\n";
			showEnvVarsInLog = 0;
		};
		C6B3BFDEA69A7E8E31ABFE44 /* [CP] Embed Pods Frameworks */ = {
			isa = PBXShellScriptBuildPhase;
			buildActionMask = 2147483647;
			files = (
			);
			inputFileListPaths = (
				"${PODS_ROOT}/Target Support Files/Pods-Flixster-FlixsterUITests/Pods-Flixster-FlixsterUITests-frameworks-${CONFIGURATION}-input-files.xcfilelist",
			);
			name = "[CP] Embed Pods Frameworks";
			outputFileListPaths = (
				"${PODS_ROOT}/Target Support Files/Pods-Flixster-FlixsterUITests/Pods-Flixster-FlixsterUITests-frameworks-${CONFIGURATION}-output-files.xcfilelist",
			);
			runOnlyForDeploymentPostprocessing = 0;
			shellPath = /bin/sh;
			shellScript = "\"${PODS_ROOT}/Target Support Files/Pods-Flixster-FlixsterUITests/Pods-Flixster-FlixsterUITests-frameworks.sh\"\n";
			showEnvVarsInLog = 0;
		};
/* End PBXShellScriptBuildPhase section */

/* Begin PBXSourcesBuildPhase section */
		8EB00908251AFBED00CA3779 /* Sources */ = {
			isa = PBXSourcesBuildPhase;
			buildActionMask = 2147483647;
			files = (
				8EB00910251AFBED00CA3779 /* AppDelegate.swift in Sources */,
				8EB00912251AFBED00CA3779 /* SceneDelegate.swift in Sources */,
				8EB0094B251B107900CA3779 /* MovieCell.swift in Sources */,
				8EB00946251AFF3C00CA3779 /* MoviesViewController.swift in Sources */,
			);
			runOnlyForDeploymentPostprocessing = 0;
		};
		8EB0091E251AFBEE00CA3779 /* Sources */ = {
			isa = PBXSourcesBuildPhase;
			buildActionMask = 2147483647;
			files = (
				8EB00927251AFBEE00CA3779 /* FlixsterTests.swift in Sources */,
			);
			runOnlyForDeploymentPostprocessing = 0;
		};
		8EB00929251AFBEE00CA3779 /* Sources */ = {
			isa = PBXSourcesBuildPhase;
			buildActionMask = 2147483647;
			files = (
				8EB00932251AFBEE00CA3779 /* FlixsterUITests.swift in Sources */,
			);
			runOnlyForDeploymentPostprocessing = 0;
		};
/* End PBXSourcesBuildPhase section */

/* Begin PBXTargetDependency section */
		8EB00924251AFBEE00CA3779 /* PBXTargetDependency */ = {
			isa = PBXTargetDependency;
			target = 8EB0090B251AFBED00CA3779 /* Flixster */;
			targetProxy = 8EB00923251AFBEE00CA3779 /* PBXContainerItemProxy */;
		};
		8EB0092F251AFBEE00CA3779 /* PBXTargetDependency */ = {
			isa = PBXTargetDependency;
			target = 8EB0090B251AFBED00CA3779 /* Flixster */;
			targetProxy = 8EB0092E251AFBEE00CA3779 /* PBXContainerItemProxy */;
		};
/* End PBXTargetDependency section */

/* Begin PBXVariantGroup section */
		8EB00915251AFBED00CA3779 /* Main.storyboard */ = {
			isa = PBXVariantGroup;
			children = (
				8EB00916251AFBED00CA3779 /* Base */,
			);
			name = Main.storyboard;
			sourceTree = "<group>";
		};
		8EB0091A251AFBEE00CA3779 /* LaunchScreen.storyboard */ = {
			isa = PBXVariantGroup;
			children = (
				8EB0091B251AFBEE00CA3779 /* Base */,
			);
			name = LaunchScreen.storyboard;
			sourceTree = "<group>";
		};
/* End PBXVariantGroup section */

/* Begin XCBuildConfiguration section */
		8EB00934251AFBEE00CA3779 /* Debug */ = {
			isa = XCBuildConfiguration;
			buildSettings = {
				ALWAYS_SEARCH_USER_PATHS = NO;
				CLANG_ANALYZER_NONNULL = YES;
				CLANG_ANALYZER_NUMBER_OBJECT_CONVERSION = YES_AGGRESSIVE;
				CLANG_CXX_LANGUAGE_STANDARD = "gnu++14";
				CLANG_CXX_LIBRARY = "libc++";
				CLANG_ENABLE_MODULES = YES;
				CLANG_ENABLE_OBJC_ARC = YES;
				CLANG_ENABLE_OBJC_WEAK = YES;
				CLANG_WARN_BLOCK_CAPTURE_AUTORELEASING = YES;
				CLANG_WARN_BOOL_CONVERSION = YES;
				CLANG_WARN_COMMA = YES;
				CLANG_WARN_CONSTANT_CONVERSION = YES;
				CLANG_WARN_DEPRECATED_OBJC_IMPLEMENTATIONS = YES;
				CLANG_WARN_DIRECT_OBJC_ISA_USAGE = YES_ERROR;
				CLANG_WARN_DOCUMENTATION_COMMENTS = YES;
				CLANG_WARN_EMPTY_BODY = YES;
				CLANG_WARN_ENUM_CONVERSION = YES;
				CLANG_WARN_INFINITE_RECURSION = YES;
				CLANG_WARN_INT_CONVERSION = YES;
				CLANG_WARN_NON_LITERAL_NULL_CONVERSION = YES;
				CLANG_WARN_OBJC_IMPLICIT_RETAIN_SELF = YES;
				CLANG_WARN_OBJC_LITERAL_CONVERSION = YES;
				CLANG_WARN_OBJC_ROOT_CLASS = YES_ERROR;
				CLANG_WARN_QUOTED_INCLUDE_IN_FRAMEWORK_HEADER = YES;
				CLANG_WARN_RANGE_LOOP_ANALYSIS = YES;
				CLANG_WARN_STRICT_PROTOTYPES = YES;
				CLANG_WARN_SUSPICIOUS_MOVE = YES;
				CLANG_WARN_UNGUARDED_AVAILABILITY = YES_AGGRESSIVE;
				CLANG_WARN_UNREACHABLE_CODE = YES;
				CLANG_WARN__DUPLICATE_METHOD_MATCH = YES;
				COPY_PHASE_STRIP = NO;
				DEBUG_INFORMATION_FORMAT = dwarf;
				ENABLE_STRICT_OBJC_MSGSEND = YES;
				ENABLE_TESTABILITY = YES;
				GCC_C_LANGUAGE_STANDARD = gnu11;
				GCC_DYNAMIC_NO_PIC = NO;
				GCC_NO_COMMON_BLOCKS = YES;
				GCC_OPTIMIZATION_LEVEL = 0;
				GCC_PREPROCESSOR_DEFINITIONS = (
					"DEBUG=1",
					"$(inherited)",
				);
				GCC_WARN_64_TO_32_BIT_CONVERSION = YES;
				GCC_WARN_ABOUT_RETURN_TYPE = YES_ERROR;
				GCC_WARN_UNDECLARED_SELECTOR = YES;
				GCC_WARN_UNINITIALIZED_AUTOS = YES_AGGRESSIVE;
				GCC_WARN_UNUSED_FUNCTION = YES;
				GCC_WARN_UNUSED_VARIABLE = YES;
				IPHONEOS_DEPLOYMENT_TARGET = 13.6;
				MTL_ENABLE_DEBUG_INFO = INCLUDE_SOURCE;
				MTL_FAST_MATH = YES;
				ONLY_ACTIVE_ARCH = YES;
				SDKROOT = iphoneos;
				SWIFT_ACTIVE_COMPILATION_CONDITIONS = DEBUG;
				SWIFT_OPTIMIZATION_LEVEL = "-Onone";
			};
			name = Debug;
		};
		8EB00935251AFBEE00CA3779 /* Release */ = {
			isa = XCBuildConfiguration;
			buildSettings = {
				ALWAYS_SEARCH_USER_PATHS = NO;
				CLANG_ANALYZER_NONNULL = YES;
				CLANG_ANALYZER_NUMBER_OBJECT_CONVERSION = YES_AGGRESSIVE;
				CLANG_CXX_LANGUAGE_STANDARD = "gnu++14";
				CLANG_CXX_LIBRARY = "libc++";
				CLANG_ENABLE_MODULES = YES;
				CLANG_ENABLE_OBJC_ARC = YES;
				CLANG_ENABLE_OBJC_WEAK = YES;
				CLANG_WARN_BLOCK_CAPTURE_AUTORELEASING = YES;
				CLANG_WARN_BOOL_CONVERSION = YES;
				CLANG_WARN_COMMA = YES;
				CLANG_WARN_CONSTANT_CONVERSION = YES;
				CLANG_WARN_DEPRECATED_OBJC_IMPLEMENTATIONS = YES;
				CLANG_WARN_DIRECT_OBJC_ISA_USAGE = YES_ERROR;
				CLANG_WARN_DOCUMENTATION_COMMENTS = YES;
				CLANG_WARN_EMPTY_BODY = YES;
				CLANG_WARN_ENUM_CONVERSION = YES;
				CLANG_WARN_INFINITE_RECURSION = YES;
				CLANG_WARN_INT_CONVERSION = YES;
				CLANG_WARN_NON_LITERAL_NULL_CONVERSION = YES;
				CLANG_WARN_OBJC_IMPLICIT_RETAIN_SELF = YES;
				CLANG_WARN_OBJC_LITERAL_CONVERSION = YES;
				CLANG_WARN_OBJC_ROOT_CLASS = YES_ERROR;
				CLANG_WARN_QUOTED_INCLUDE_IN_FRAMEWORK_HEADER = YES;
				CLANG_WARN_RANGE_LOOP_ANALYSIS = YES;
				CLANG_WARN_STRICT_PROTOTYPES = YES;
				CLANG_WARN_SUSPICIOUS_MOVE = YES;
				CLANG_WARN_UNGUARDED_AVAILABILITY = YES_AGGRESSIVE;
				CLANG_WARN_UNREACHABLE_CODE = YES;
				CLANG_WARN__DUPLICATE_METHOD_MATCH = YES;
				COPY_PHASE_STRIP = NO;
				DEBUG_INFORMATION_FORMAT = "dwarf-with-dsym";
				ENABLE_NS_ASSERTIONS = NO;
				ENABLE_STRICT_OBJC_MSGSEND = YES;
				GCC_C_LANGUAGE_STANDARD = gnu11;
				GCC_NO_COMMON_BLOCKS = YES;
				GCC_WARN_64_TO_32_BIT_CONVERSION = YES;
				GCC_WARN_ABOUT_RETURN_TYPE = YES_ERROR;
				GCC_WARN_UNDECLARED_SELECTOR = YES;
				GCC_WARN_UNINITIALIZED_AUTOS = YES_AGGRESSIVE;
				GCC_WARN_UNUSED_FUNCTION = YES;
				GCC_WARN_UNUSED_VARIABLE = YES;
				IPHONEOS_DEPLOYMENT_TARGET = 13.6;
				MTL_ENABLE_DEBUG_INFO = NO;
				MTL_FAST_MATH = YES;
				SDKROOT = iphoneos;
				SWIFT_COMPILATION_MODE = wholemodule;
				SWIFT_OPTIMIZATION_LEVEL = "-O";
				VALIDATE_PRODUCT = YES;
			};
			name = Release;
		};
		8EB00937251AFBEE00CA3779 /* Debug */ = {
			isa = XCBuildConfiguration;
			baseConfigurationReference = BC53FB071DC3210DE790E4F3 /* Pods-Flixster.debug.xcconfig */;
			buildSettings = {
				ASSETCATALOG_COMPILER_APPICON_NAME = AppIcon;
				ASSETCATALOG_COMPILER_GLOBAL_ACCENT_COLOR_NAME = AccentColor;
				CODE_SIGN_STYLE = Automatic;
				DEVELOPMENT_TEAM = 698V555YHG;
				INFOPLIST_FILE = Flixster/Info.plist;
				LD_RUNPATH_SEARCH_PATHS = (
					"$(inherited)",
					"@executable_path/Frameworks",
				);
				PRODUCT_BUNDLE_IDENTIFIER = com.mariaoki.Flixster;
				PRODUCT_NAME = "$(TARGET_NAME)";
				SWIFT_VERSION = 5.0;
				TARGETED_DEVICE_FAMILY = "1,2";
			};
			name = Debug;
		};
		8EB00938251AFBEE00CA3779 /* Release */ = {
			isa = XCBuildConfiguration;
			baseConfigurationReference = 67919E4CEF4F40E296325097 /* Pods-Flixster.release.xcconfig */;
			buildSettings = {
				ASSETCATALOG_COMPILER_APPICON_NAME = AppIcon;
				ASSETCATALOG_COMPILER_GLOBAL_ACCENT_COLOR_NAME = AccentColor;
				CODE_SIGN_STYLE = Automatic;
				DEVELOPMENT_TEAM = 698V555YHG;
				INFOPLIST_FILE = Flixster/Info.plist;
				LD_RUNPATH_SEARCH_PATHS = (
					"$(inherited)",
					"@executable_path/Frameworks",
				);
				PRODUCT_BUNDLE_IDENTIFIER = com.mariaoki.Flixster;
				PRODUCT_NAME = "$(TARGET_NAME)";
				SWIFT_VERSION = 5.0;
				TARGETED_DEVICE_FAMILY = "1,2";
			};
			name = Release;
		};
		8EB0093A251AFBEE00CA3779 /* Debug */ = {
			isa = XCBuildConfiguration;
			baseConfigurationReference = F0E603487389884B302DF2DD /* Pods-FlixsterTests.debug.xcconfig */;
			buildSettings = {
				ALWAYS_EMBED_SWIFT_STANDARD_LIBRARIES = YES;
				BUNDLE_LOADER = "$(TEST_HOST)";
				"CODE_SIGN_IDENTITY[sdk=macosx*]" = "-";
				CODE_SIGN_STYLE = Automatic;
				DEVELOPMENT_TEAM = 698V555YHG;
				INFOPLIST_FILE = FlixsterTests/Info.plist;
				IPHONEOS_DEPLOYMENT_TARGET = 14.0;
				LD_RUNPATH_SEARCH_PATHS = (
					"$(inherited)",
					"@executable_path/Frameworks",
					"@loader_path/Frameworks",
				);
				PRODUCT_BUNDLE_IDENTIFIER = com.mariaoki.FlixsterTests;
				PRODUCT_NAME = "$(TARGET_NAME)";
				SWIFT_VERSION = 5.0;
				TARGETED_DEVICE_FAMILY = "1,2";
				TEST_HOST = "$(BUILT_PRODUCTS_DIR)/Flixster.app/Flixster";
			};
			name = Debug;
		};
		8EB0093B251AFBEE00CA3779 /* Release */ = {
			isa = XCBuildConfiguration;
			baseConfigurationReference = 3AE788173FD240EC63B54244 /* Pods-FlixsterTests.release.xcconfig */;
			buildSettings = {
				ALWAYS_EMBED_SWIFT_STANDARD_LIBRARIES = YES;
				BUNDLE_LOADER = "$(TEST_HOST)";
				"CODE_SIGN_IDENTITY[sdk=macosx*]" = "-";
				CODE_SIGN_STYLE = Automatic;
				DEVELOPMENT_TEAM = 698V555YHG;
				INFOPLIST_FILE = FlixsterTests/Info.plist;
				IPHONEOS_DEPLOYMENT_TARGET = 14.0;
				LD_RUNPATH_SEARCH_PATHS = (
					"$(inherited)",
					"@executable_path/Frameworks",
					"@loader_path/Frameworks",
				);
				PRODUCT_BUNDLE_IDENTIFIER = com.mariaoki.FlixsterTests;
				PRODUCT_NAME = "$(TARGET_NAME)";
				SWIFT_VERSION = 5.0;
				TARGETED_DEVICE_FAMILY = "1,2";
				TEST_HOST = "$(BUILT_PRODUCTS_DIR)/Flixster.app/Flixster";
			};
			name = Release;
		};
		8EB0093D251AFBEE00CA3779 /* Debug */ = {
			isa = XCBuildConfiguration;
			baseConfigurationReference = 903FE0DD244BF810A8BB539D /* Pods-Flixster-FlixsterUITests.debug.xcconfig */;
			buildSettings = {
				ALWAYS_EMBED_SWIFT_STANDARD_LIBRARIES = YES;
				CODE_SIGN_STYLE = Automatic;
				INFOPLIST_FILE = FlixsterUITests/Info.plist;
				LD_RUNPATH_SEARCH_PATHS = (
					"$(inherited)",
					"@executable_path/Frameworks",
					"@loader_path/Frameworks",
				);
				PRODUCT_BUNDLE_IDENTIFIER = com.mariaoki.FlixsterUITests;
				PRODUCT_NAME = "$(TARGET_NAME)";
				SWIFT_VERSION = 5.0;
				TARGETED_DEVICE_FAMILY = "1,2";
				TEST_TARGET_NAME = Flixster;
			};
			name = Debug;
		};
		8EB0093E251AFBEE00CA3779 /* Release */ = {
			isa = XCBuildConfiguration;
			baseConfigurationReference = 6086A4852A37F2FF24D43D78 /* Pods-Flixster-FlixsterUITests.release.xcconfig */;
			buildSettings = {
				ALWAYS_EMBED_SWIFT_STANDARD_LIBRARIES = YES;
				CODE_SIGN_STYLE = Automatic;
				INFOPLIST_FILE = FlixsterUITests/Info.plist;
				LD_RUNPATH_SEARCH_PATHS = (
					"$(inherited)",
					"@executable_path/Frameworks",
					"@loader_path/Frameworks",
				);
				PRODUCT_BUNDLE_IDENTIFIER = com.mariaoki.FlixsterUITests;
				PRODUCT_NAME = "$(TARGET_NAME)";
				SWIFT_VERSION = 5.0;
				TARGETED_DEVICE_FAMILY = "1,2";
				TEST_TARGET_NAME = Flixster;
			};
			name = Release;
		};
/* End XCBuildConfiguration section */

/* Begin XCConfigurationList section */
		8EB00907251AFBED00CA3779 /* Build configuration list for PBXProject "Flixster" */ = {
			isa = XCConfigurationList;
			buildConfigurations = (
				8EB00934251AFBEE00CA3779 /* Debug */,
				8EB00935251AFBEE00CA3779 /* Release */,
			);
			defaultConfigurationIsVisible = 0;
			defaultConfigurationName = Release;
		};
		8EB00936251AFBEE00CA3779 /* Build configuration list for PBXNativeTarget "Flixster" */ = {
			isa = XCConfigurationList;
			buildConfigurations = (
				8EB00937251AFBEE00CA3779 /* Debug */,
				8EB00938251AFBEE00CA3779 /* Release */,
			);
			defaultConfigurationIsVisible = 0;
			defaultConfigurationName = Release;
		};
		8EB00939251AFBEE00CA3779 /* Build configuration list for PBXNativeTarget "FlixsterTests" */ = {
			isa = XCConfigurationList;
			buildConfigurations = (
				8EB0093A251AFBEE00CA3779 /* Debug */,
				8EB0093B251AFBEE00CA3779 /* Release */,
			);
			defaultConfigurationIsVisible = 0;
			defaultConfigurationName = Release;
		};
		8EB0093C251AFBEE00CA3779 /* Build configuration list for PBXNativeTarget "FlixsterUITests" */ = {
			isa = XCConfigurationList;
			buildConfigurations = (
				8EB0093D251AFBEE00CA3779 /* Debug */,
				8EB0093E251AFBEE00CA3779 /* Release */,
			);
			defaultConfigurationIsVisible = 0;
			defaultConfigurationName = Release;
		};
/* End XCConfigurationList section */
	};
	rootObject = 8EB00904251AFBED00CA3779 /* Project object */;
}
